{
  "name": "vue-sample-project",
  "lockfileVersion": 2,
  "requires": true,
  "packages": {
    "": {
      "dependencies": {
        "@vue/composition-api": "^1.7.0"
      }
    },
    "node_modules/@vue/composition-api": {
      "version": "1.7.0",
      "resolved": "https://registry.npmjs.org/@vue/composition-api/-/composition-api-1.7.0.tgz",
      "integrity": "sha512-hxOgLYR+wjuPX9bkP2pAPlqUs98XxBoa9DSLyp1z6+YR92wC42PZcZKs4d+VRtcv4udOv041Kss+F6ap5nj8YA==",
      "peerDependencies": {
        "vue": ">= 2.5 < 2.7"
      }
    },
    "node_modules/vue": {
      "version": "2.6.14",
      "resolved": "https://registry.npmjs.org/vue/-/vue-2.6.14.tgz",
      "integrity": "sha512-x2284lgYvjOMj3Za7kqzRcUSxBboHqtgRE2zlos1qWaOye5yUmHn42LB1250NJBLRwEcdrB0JRwyPTEPhfQjiQ==",
      "peer": true
    }
  },
  "dependencies": {
    "@vue/composition-api": {
      "version": "1.7.0",
      "resolved": "https://registry.npmjs.org/@vue/composition-api/-/composition-api-1.7.0.tgz",
      "integrity": "sha512-hxOgLYR+wjuPX9bkP2pAPlqUs98XxBoa9DSLyp1z6+YR92wC42PZcZKs4d+VRtcv4udOv041Kss+F6ap5nj8YA==",
      "requires": {}
    },
    "vue": {
      "version": "2.6.14",
      "resolved": "https://registry.npmjs.org/vue/-/vue-2.6.14.tgz",
      "integrity": "sha512-x2284lgYvjOMj3Za7kqzRcUSxBboHqtgRE2zlos1qWaOye5yUmHn42LB1250NJBLRwEcdrB0JRwyPTEPhfQjiQ==",
      "peer": true
    }
  }
}
